
Microsoft Visual Studio Solution File, Format Version 12.00
# Visual Studio Version 17
VisualStudioVersion = 17.0.32014.148
MinimumVisualStudioVersion = 10.0.40219.1
Project("{8BC9CEB8-8B4A-11D0-8D11-00A0C91BC942}") = "ride", "ride\ride.vcxproj", "{51FC92EC-A7C9-41B9-A3C9-9C9E69CA9600}"
EndProject
Project("{8BC9CEB8-8B4A-11D0-8D11-00A0C91BC942}") = "friday", "friday\friday.vcxproj", "{A1215901-B0F9-4480-B8CA-005E73A9CD59}"
EndProject
Project("{8BC9CEB8-8B4A-11D0-8D11-00A0C91BC942}") = "beads", "beads\beads.vcxproj", "{0449F302-0736-4011-B82F-07CF665CF1FB}"
EndProject
Project("{8BC9CEB8-8B4A-11D0-8D11-00A0C91BC942}") = "milk2", "milk2\milk2.vcxproj", "{D43A29FF-8745-424B-AED0-A8030BADE95C}"
EndProject
Project("{8BC9CEB8-8B4A-11D0-8D11-00A0C91BC942}") = "transform", "transform\transform.vcxproj", "{A2BCB9CB-4992-4D41-8263-DB4521B1899D}"
EndProject
Project("{8BC9CEB8-8B4A-11D0-8D11-00A0C91BC942}") = "namenum", "namenum\namenum.vcxproj", "{CBBDB867-F21B-4DB1-93A8-FECB21D48ACD}"
EndProject
Project("{8BC9CEB8-8B4A-11D0-8D11-00A0C91BC942}") = "palsquare", "palsquare\palsquare.vcxproj", "{C0D225D4-00F0-4C84-A4B6-135A4A70033D}"
EndProject
Global
	GlobalSection(SolutionConfigurationPlatforms) = preSolution
		Debug|x64 = Debug|x64
		Debug|x86 = Debug|x86
		Release|x64 = Release|x64
		Release|x86 = Release|x86
	EndGlobalSection
	GlobalSection(ProjectConfigurationPlatforms) = postSolution
		{51FC92EC-A7C9-41B9-A3C9-9C9E69CA9600}.Debug|x64.ActiveCfg = Debug|x64
		{51FC92EC-A7C9-41B9-A3C9-9C9E69CA9600}.Debug|x64.Build.0 = Debug|x64
		{51FC92EC-A7C9-41B9-A3C9-9C9E69CA9600}.Debug|x86.ActiveCfg = Debug|Win32
		{51FC92EC-A7C9-41B9-A3C9-9C9E69CA9600}.Debug|x86.Build.0 = Debug|Win32
		{51FC92EC-A7C9-41B9-A3C9-9C9E69CA9600}.Release|x64.ActiveCfg = Release|x64
		{51FC92EC-A7C9-41B9-A3C9-9C9E69CA9600}.Release|x64.Build.0 = Release|x64
		{51FC92EC-A7C9-41B9-A3C9-9C9E69CA9600}.Release|x86.ActiveCfg = Release|Win32
		{51FC92EC-A7C9-41B9-A3C9-9C9E69CA9600}.Release|x86.Build.0 = Release|Win32
		{A1215901-B0F9-4480-B8CA-005E73A9CD59}.Debug|x64.ActiveCfg = Debug|x64
		{A1215901-B0F9-4480-B8CA-005E73A9CD59}.Debug|x64.Build.0 = Debug|x64
		{A1215901-B0F9-4480-B8CA-005E73A9CD59}.Debug|x86.ActiveCfg = Debug|Win32
		{A1215901-B0F9-4480-B8CA-005E73A9CD59}.Debug|x86.Build.0 = Debug|Win32
		{A1215901-B0F9-4480-B8CA-005E73A9CD59}.Release|x64.ActiveCfg = Release|x64
		{A1215901-B0F9-4480-B8CA-005E73A9CD59}.Release|x64.Build.0 = Release|x64
		{A1215901-B0F9-4480-B8CA-005E73A9CD59}.Release|x86.ActiveCfg = Release|Win32
		{A1215901-B0F9-4480-B8CA-005E73A9CD59}.Release|x86.Build.0 = Release|Win32
		{0449F302-0736-4011-B82F-07CF665CF1FB}.Debug|x64.ActiveCfg = Debug|x64
		{0449F302-0736-4011-B82F-07CF665CF1FB}.Debug|x64.Build.0 = Debug|x64
		{0449F302-0736-4011-B82F-07CF665CF1FB}.Debug|x86.ActiveCfg = Debug|Win32
		{0449F302-0736-4011-B82F-07CF665CF1FB}.Debug|x86.Build.0 = Debug|Win32
		{0449F302-0736-4011-B82F-07CF665CF1FB}.Release|x64.ActiveCfg = Release|x64
		{0449F302-0736-4011-B82F-07CF665CF1FB}.Release|x64.Build.0 = Release|x64
		{0449F302-0736-4011-B82F-07CF665CF1FB}.Release|x86.ActiveCfg = Release|Win32
		{0449F302-0736-4011-B82F-07CF665CF1FB}.Release|x86.Build.0 = Release|Win32
		{D43A29FF-8745-424B-AED0-A8030BADE95C}.Debug|x64.ActiveCfg = Debug|x64
		{D43A29FF-8745-424B-AED0-A8030BADE95C}.Debug|x64.Build.0 = Debug|x64
		{D43A29FF-8745-424B-AED0-A8030BADE95C}.Debug|x86.ActiveCfg = Debug|Win32
		{D43A29FF-8745-424B-AED0-A8030BADE95C}.Debug|x86.Build.0 = Debug|Win32
		{D43A29FF-8745-424B-AED0-A8030BADE95C}.Release|x64.ActiveCfg = Release|x64
		{D43A29FF-8745-424B-AED0-A8030BADE95C}.Release|x64.Build.0 = Release|x64
		{D43A29FF-8745-424B-AED0-A8030BADE95C}.Release|x86.ActiveCfg = Release|Win32
		{D43A29FF-8745-424B-AED0-A8030BADE95C}.Release|x86.Build.0 = Release|Win32
		{A2BCB9CB-4992-4D41-8263-DB4521B1899D}.Debug|x64.ActiveCfg = Debug|x64
		{A2BCB9CB-4992-4D41-8263-DB4521B1899D}.Debug|x64.Build.0 = Debug|x64
		{A2BCB9CB-4992-4D41-8263-DB4521B1899D}.Debug|x86.ActiveCfg = Debug|Win32
		{A2BCB9CB-4992-4D41-8263-DB4521B1899D}.Debug|x86.Build.0 = Debug|Win32
		{A2BCB9CB-4992-4D41-8263-DB4521B1899D}.Release|x64.ActiveCfg = Release|x64
		{A2BCB9CB-4992-4D41-8263-DB4521B1899D}.Release|x64.Build.0 = Release|x64
		{A2BCB9CB-4992-4D41-8263-DB4521B1899D}.Release|x86.ActiveCfg = Release|Win32
		{A2BCB9CB-4992-4D41-8263-DB4521B1899D}.Release|x86.Build.0 = Release|Win32
		{CBBDB867-F21B-4DB1-93A8-FECB21D48ACD}.Debug|x64.ActiveCfg = Debug|x64
		{CBBDB867-F21B-4DB1-93A8-FECB21D48ACD}.Debug|x64.Build.0 = Debug|x64
		{CBBDB867-F21B-4DB1-93A8-FECB21D48ACD}.Debug|x86.ActiveCfg = Debug|Win32
		{CBBDB867-F21B-4DB1-93A8-FECB21D48ACD}.Debug|x86.Build.0 = Debug|Win32
		{CBBDB867-F21B-4DB1-93A8-FECB21D48ACD}.Release|x64.ActiveCfg = Release|x64
		{CBBDB867-F21B-4DB1-93A8-FECB21D48ACD}.Release|x64.Build.0 = Release|x64
		{CBBDB867-F21B-4DB1-93A8-FECB21D48ACD}.Release|x86.ActiveCfg = Release|Win32
		{CBBDB867-F21B-4DB1-93A8-FECB21D48ACD}.Release|x86.Build.0 = Release|Win32
		{C0D225D4-00F0-4C84-A4B6-135A4A70033D}.Debug|x64.ActiveCfg = Debug|x64
		{C0D225D4-00F0-4C84-A4B6-135A4A70033D}.Debug|x64.Build.0 = Debug|x64
		{C0D225D4-00F0-4C84-A4B6-135A4A70033D}.Debug|x86.ActiveCfg = Debug|Win32
		{C0D225D4-00F0-4C84-A4B6-135A4A70033D}.Debug|x86.Build.0 = Debug|Win32
		{C0D225D4-00F0-4C84-A4B6-135A4A70033D}.Release|x64.ActiveCfg = Release|x64
		{C0D225D4-00F0-4C84-A4B6-135A4A70033D}.Release|x64.Build.0 = Release|x64
		{C0D225D4-00F0-4C84-A4B6-135A4A70033D}.Release|x86.ActiveCfg = Release|Win32
		{C0D225D4-00F0-4C84-A4B6-135A4A70033D}.Release|x86.Build.0 = Release|Win32
	EndGlobalSection
	GlobalSection(SolutionProperties) = preSolution
		HideSolutionNode = FALSE
	EndGlobalSection
	GlobalSection(ExtensibilityGlobals) = postSolution
		SolutionGuid = {993C1756-7D36-45D1-8EB1-11F6C2FB0CB1}
	EndGlobalSection
EndGlobal
