Microsoft Visual Studio Solution File, Format Version 12.00
# Visual Studio Version 17
VisualStudioVersion = 17.0.32014.148
MinimumVisualStudioVersion = 10.0.40219.1
Project("{8BC9CEB8-8B4A-11D0-8D11-00A0C91BC942}") = "ride", "Training\Chapter 1\ride\ride.vcxproj", "{51FC92EC-A7C9-41B9-A3C9-9C9E69CA9600}"
EndProject
Project("{8BC9CEB8-8B4A-11D0-8D11-00A0C91BC942}") = "friday", "Training\Chapter 1\friday\friday.vcxproj", "{A1215901-B0F9-4480-B8CA-005E73A9CD59}"
EndProject
Project("{8BC9CEB8-8B4A-11D0-8D11-00A0C91BC942}") = "beads", "Training\Chapter 1\beads\beads.vcxproj", "{0449F302-0736-4011-B82F-07CF665CF1FB}"
EndProject
Project("{8BC9CEB8-8B4A-11D0-8D11-00A0C91BC942}") = "milk2", "Training\Chapter 1\milk2\milk2.vcxproj", "{D43A29FF-8745-424B-AED0-A8030BADE95C}"
EndProject
Project("{8BC9CEB8-8B4A-11D0-8D11-00A0C91BC942}") = "transform", "Training\Chapter 1\transform\transform.vcxproj", "{A2BCB9CB-4992-4D41-8263-DB4521B1899D}"
EndProject
Project("{8BC9CEB8-8B4A-11D0-8D11-00A0C91BC942}") = "namenum", "Training\Chapter 1\namenum\namenum.vcxproj", "{CBBDB867-F21B-4DB1-93A8-FECB21D48ACD}"
EndProject
Project("{8BC9CEB8-8B4A-11D0-8D11-00A0C91BC942}") = "palsquare", "Training\Chapter 1\palsquare\palsquare.vcxproj", "{C0D225D4-00F0-4C84-A4B6-135A4A70033D}"
EndProject
Project("{8BC9CEB8-8B4A-11D0-8D11-00A0C91BC942}") = "dualpal", "Training\Chapter 1\dualpal\dualpal.vcxproj", "{A4F52147-8E61-4B8B-A239-25A5AD757F1E}"
EndProject
Project("{8BC9CEB8-8B4A-11D0-8D11-00A0C91BC942}") = "milk", "Training\Chapter 1\milk\milk.vcxproj", "{4EB1BF8C-EB9D-471C-AA98-4871B744DE91}"
EndProject
Project("{8BC9CEB8-8B4A-11D0-8D11-00A0C91BC942}") = "barn1", "Training\Chapter 1\barn1\barn1.vcxproj", "{99D5EC6B-2F63-4475-9402-227CE066047C}"
EndProject
Project("{8BC9CEB8-8B4A-11D0-8D11-00A0C91BC942}") = "crypt1", "Training\Chapter 1\crypt1\crypt1.vcxproj", "{EBC2AC6A-0E9D-4C1F-9C28-2D5F4009B73C}"
EndProject
Project("{8BC9CEB8-8B4A-11D0-8D11-00A0C91BC942}") = "combo", "Training\Chapter 1\combo\combo.vcxproj", "{09985AF7-CAE8-4FA1-8014-EE286154F8C6}"
EndProject
Project("{8BC9CEB8-8B4A-11D0-8D11-00A0C91BC942}") = "debugfunctions", "debugfunctions\debugfunctions.vcxproj", "{7DE9B701-7CE6-4892-8E76-E3E159028C02}"
EndProject
Project("{8BC9CEB8-8B4A-11D0-8D11-00A0C91BC942}") = "wormhole", "Training\Chapter 1\wormhole\wormhole.vcxproj", "{4B033C71-37A6-40B7-ABCD-86B6D23D7924}"
EndProject
Project("{8BC9CEB8-8B4A-11D0-8D11-00A0C91BC942}") = "skidesign", "Training\Chapter 1\skidesign\skidesign.vcxproj", "{88FEA652-D40B-43AD-8A4D-4DC0FFC0E0C3}"
EndProject
Project("{2150E333-8FDC-42A3-9474-1A3956D46DE8}") = "Done", "Done", "{8D7481C9-5338-49B5-9181-C1074C7F6B1C}"
EndProject
Project("{8BC9CEB8-8B4A-11D0-8D11-00A0C91BC942}") = "ariprog", "Training\Chapter 1\ariprog\ariprog.vcxproj", "{454B4D6B-AEE7-4150-A81C-A6779439A3EF}"
EndProject
Project("{2150E333-8FDC-42A3-9474-1A3956D46DE8}") = "Feb22Contest", "Feb22Contest", "{27CA406A-D704-457F-9946-71192B3D289A}"
EndProject
Project("{8BC9CEB8-8B4A-11D0-8D11-00A0C91BC942}") = "numtri", "Training\Chapter 1\numtri\numtri.vcxproj", "{6C7C57B1-50B0-4212-858F-92FCF8D231FC}"
EndProject
Project("{8BC9CEB8-8B4A-11D0-8D11-00A0C91BC942}") = "pprime", "Training\Chapter 1\pprime\pprime.vcxproj", "{25DF292D-FF3C-443E-A690-0927A6FD9A38}"
EndProject
Project("{8BC9CEB8-8B4A-11D0-8D11-00A0C91BC942}") = "prob1", "Contests\Feb2022Contest\prob1\Prob1.vcxproj", "{798E06B1-8F12-4A91-AD09-E68210D59B06}"
EndProject
Project("{8BC9CEB8-8B4A-11D0-8D11-00A0C91BC942}") = "prob2", "Contests\Feb2022Contest\prob2\Prob2.vcxproj", "{B952CB17-C234-4371-837E-F1BB81A54CD7}"
EndProject
Project("{8BC9CEB8-8B4A-11D0-8D11-00A0C91BC942}") = "prob3", "Contests\Feb2022Contest\prob3\prob3.vcxproj", "{7C6682BC-70D9-426F-BDE1-0440EBD5CC9D}"
EndProject
Project("{2150E333-8FDC-42A3-9474-1A3956D46DE8}") = "Mar22Contest", "Mar22Contest", "{43E1604D-F64E-4868-A2D8-93A1D3D2ACFD}"
EndProject
Project("{8BC9CEB8-8B4A-11D0-8D11-00A0C91BC942}") = "prob1", "Contests\Mar2022Contest\prob1\prob1.vcxproj", "{05581067-416B-46AB-8BED-51BD27C630F4}"
EndProject
Project("{8BC9CEB8-8B4A-11D0-8D11-00A0C91BC942}") = "prob2", "Contests\Mar2022Contest\prob2\prob2.vcxproj", "{E1BEADFC-2DD0-4191-A647-9FEB73D80B28}"
EndProject
Project("{8BC9CEB8-8B4A-11D0-8D11-00A0C91BC942}") = "prob3", "Contests\Mar2022Contest\prob3\prob3.vcxproj", "{FF7FF711-28FC-4041-9583-55C39E59DE40}"
EndProject
Project("{2150E333-8FDC-42A3-9474-1A3956D46DE8}") = "UsacoGuide", "UsacoGuide", "{D98F7661-AC46-40A2-AE15-82ED86F0CAC9}"
EndProject
Project("{8BC9CEB8-8B4A-11D0-8D11-00A0C91BC942}") = "speeding", "Training\Usaco Guide\speeding\speeding.vcxproj", "{356BB22A-E1DD-4E6E-814C-CAB047106DE1}"
EndProject
Project("{8BC9CEB8-8B4A-11D0-8D11-00A0C91BC942}") = "blocks", "Training\Usaco Guide\blocks\blocks.vcxproj", "{E44E7D0D-8576-4FBB-AFCD-09165FC80043}"
EndProject
Global
	GlobalSection(SolutionConfigurationPlatforms) = preSolution
		Debug|x64 = Debug|x64
		Debug|x86 = Debug|x86
		Release|x64 = Release|x64
		Release|x86 = Release|x86
	EndGlobalSection
	GlobalSection(ProjectConfigurationPlatforms) = postSolution
		{51FC92EC-A7C9-41B9-A3C9-9C9E69CA9600}.Debug|x64.ActiveCfg = Debug|x64
		{51FC92EC-A7C9-41B9-A3C9-9C9E69CA9600}.Debug|x64.Build.0 = Debug|x64
		{51FC92EC-A7C9-41B9-A3C9-9C9E69CA9600}.Debug|x86.ActiveCfg = Debug|Win32
		{51FC92EC-A7C9-41B9-A3C9-9C9E69CA9600}.Debug|x86.Build.0 = Debug|Win32
		{51FC92EC-A7C9-41B9-A3C9-9C9E69CA9600}.Release|x64.ActiveCfg = Release|x64
		{51FC92EC-A7C9-41B9-A3C9-9C9E69CA9600}.Release|x64.Build.0 = Release|x64
		{51FC92EC-A7C9-41B9-A3C9-9C9E69CA9600}.Release|x86.ActiveCfg = Release|Win32
		{51FC92EC-A7C9-41B9-A3C9-9C9E69CA9600}.Release|x86.Build.0 = Release|Win32
		{A1215901-B0F9-4480-B8CA-005E73A9CD59}.Debug|x64.ActiveCfg = Debug|x64
		{A1215901-B0F9-4480-B8CA-005E73A9CD59}.Debug|x64.Build.0 = Debug|x64
		{A1215901-B0F9-4480-B8CA-005E73A9CD59}.Debug|x86.ActiveCfg = Debug|Win32
		{A1215901-B0F9-4480-B8CA-005E73A9CD59}.Debug|x86.Build.0 = Debug|Win32
		{A1215901-B0F9-4480-B8CA-005E73A9CD59}.Release|x64.ActiveCfg = Release|x64
		{A1215901-B0F9-4480-B8CA-005E73A9CD59}.Release|x64.Build.0 = Release|x64
		{A1215901-B0F9-4480-B8CA-005E73A9CD59}.Release|x86.ActiveCfg = Release|Win32
		{A1215901-B0F9-4480-B8CA-005E73A9CD59}.Release|x86.Build.0 = Release|Win32
		{0449F302-0736-4011-B82F-07CF665CF1FB}.Debug|x64.ActiveCfg = Debug|x64
		{0449F302-0736-4011-B82F-07CF665CF1FB}.Debug|x64.Build.0 = Debug|x64
		{0449F302-0736-4011-B82F-07CF665CF1FB}.Debug|x86.ActiveCfg = Debug|Win32
		{0449F302-0736-4011-B82F-07CF665CF1FB}.Debug|x86.Build.0 = Debug|Win32
		{0449F302-0736-4011-B82F-07CF665CF1FB}.Release|x64.ActiveCfg = Release|x64
		{0449F302-0736-4011-B82F-07CF665CF1FB}.Release|x64.Build.0 = Release|x64
		{0449F302-0736-4011-B82F-07CF665CF1FB}.Release|x86.ActiveCfg = Release|Win32
		{0449F302-0736-4011-B82F-07CF665CF1FB}.Release|x86.Build.0 = Release|Win32
		{D43A29FF-8745-424B-AED0-A8030BADE95C}.Debug|x64.ActiveCfg = Debug|x64
		{D43A29FF-8745-424B-AED0-A8030BADE95C}.Debug|x64.Build.0 = Debug|x64
		{D43A29FF-8745-424B-AED0-A8030BADE95C}.Debug|x86.ActiveCfg = Debug|Win32
		{D43A29FF-8745-424B-AED0-A8030BADE95C}.Debug|x86.Build.0 = Debug|Win32
		{D43A29FF-8745-424B-AED0-A8030BADE95C}.Release|x64.ActiveCfg = Release|x64
		{D43A29FF-8745-424B-AED0-A8030BADE95C}.Release|x64.Build.0 = Release|x64
		{D43A29FF-8745-424B-AED0-A8030BADE95C}.Release|x86.ActiveCfg = Release|Win32
		{D43A29FF-8745-424B-AED0-A8030BADE95C}.Release|x86.Build.0 = Release|Win32
		{A2BCB9CB-4992-4D41-8263-DB4521B1899D}.Debug|x64.ActiveCfg = Debug|x64
		{A2BCB9CB-4992-4D41-8263-DB4521B1899D}.Debug|x64.Build.0 = Debug|x64
		{A2BCB9CB-4992-4D41-8263-DB4521B1899D}.Debug|x86.ActiveCfg = Debug|Win32
		{A2BCB9CB-4992-4D41-8263-DB4521B1899D}.Debug|x86.Build.0 = Debug|Win32
		{A2BCB9CB-4992-4D41-8263-DB4521B1899D}.Release|x64.ActiveCfg = Release|x64
		{A2BCB9CB-4992-4D41-8263-DB4521B1899D}.Release|x64.Build.0 = Release|x64
		{A2BCB9CB-4992-4D41-8263-DB4521B1899D}.Release|x86.ActiveCfg = Release|Win32
		{A2BCB9CB-4992-4D41-8263-DB4521B1899D}.Release|x86.Build.0 = Release|Win32
		{CBBDB867-F21B-4DB1-93A8-FECB21D48ACD}.Debug|x64.ActiveCfg = Debug|x64
		{CBBDB867-F21B-4DB1-93A8-FECB21D48ACD}.Debug|x64.Build.0 = Debug|x64
		{CBBDB867-F21B-4DB1-93A8-FECB21D48ACD}.Debug|x86.ActiveCfg = Debug|Win32
		{CBBDB867-F21B-4DB1-93A8-FECB21D48ACD}.Debug|x86.Build.0 = Debug|Win32
		{CBBDB867-F21B-4DB1-93A8-FECB21D48ACD}.Release|x64.ActiveCfg = Release|x64
		{CBBDB867-F21B-4DB1-93A8-FECB21D48ACD}.Release|x64.Build.0 = Release|x64
		{CBBDB867-F21B-4DB1-93A8-FECB21D48ACD}.Release|x86.ActiveCfg = Release|Win32
		{CBBDB867-F21B-4DB1-93A8-FECB21D48ACD}.Release|x86.Build.0 = Release|Win32
		{C0D225D4-00F0-4C84-A4B6-135A4A70033D}.Debug|x64.ActiveCfg = Debug|x64
		{C0D225D4-00F0-4C84-A4B6-135A4A70033D}.Debug|x64.Build.0 = Debug|x64
		{C0D225D4-00F0-4C84-A4B6-135A4A70033D}.Debug|x86.ActiveCfg = Debug|Win32
		{C0D225D4-00F0-4C84-A4B6-135A4A70033D}.Debug|x86.Build.0 = Debug|Win32
		{C0D225D4-00F0-4C84-A4B6-135A4A70033D}.Release|x64.ActiveCfg = Release|x64
		{C0D225D4-00F0-4C84-A4B6-135A4A70033D}.Release|x64.Build.0 = Release|x64
		{C0D225D4-00F0-4C84-A4B6-135A4A70033D}.Release|x86.ActiveCfg = Release|Win32
		{C0D225D4-00F0-4C84-A4B6-135A4A70033D}.Release|x86.Build.0 = Release|Win32
		{A4F52147-8E61-4B8B-A239-25A5AD757F1E}.Debug|x64.ActiveCfg = Debug|x64
		{A4F52147-8E61-4B8B-A239-25A5AD757F1E}.Debug|x64.Build.0 = Debug|x64
		{A4F52147-8E61-4B8B-A239-25A5AD757F1E}.Debug|x86.ActiveCfg = Debug|Win32
		{A4F52147-8E61-4B8B-A239-25A5AD757F1E}.Debug|x86.Build.0 = Debug|Win32
		{A4F52147-8E61-4B8B-A239-25A5AD757F1E}.Release|x64.ActiveCfg = Release|x64
		{A4F52147-8E61-4B8B-A239-25A5AD757F1E}.Release|x64.Build.0 = Release|x64
		{A4F52147-8E61-4B8B-A239-25A5AD757F1E}.Release|x86.ActiveCfg = Release|Win32
		{A4F52147-8E61-4B8B-A239-25A5AD757F1E}.Release|x86.Build.0 = Release|Win32
		{4EB1BF8C-EB9D-471C-AA98-4871B744DE91}.Debug|x64.ActiveCfg = Debug|x64
		{4EB1BF8C-EB9D-471C-AA98-4871B744DE91}.Debug|x64.Build.0 = Debug|x64
		{4EB1BF8C-EB9D-471C-AA98-4871B744DE91}.Debug|x86.ActiveCfg = Debug|Win32
		{4EB1BF8C-EB9D-471C-AA98-4871B744DE91}.Debug|x86.Build.0 = Debug|Win32
		{4EB1BF8C-EB9D-471C-AA98-4871B744DE91}.Release|x64.ActiveCfg = Release|x64
		{4EB1BF8C-EB9D-471C-AA98-4871B744DE91}.Release|x64.Build.0 = Release|x64
		{4EB1BF8C-EB9D-471C-AA98-4871B744DE91}.Release|x86.ActiveCfg = Release|Win32
		{4EB1BF8C-EB9D-471C-AA98-4871B744DE91}.Release|x86.Build.0 = Release|Win32
		{99D5EC6B-2F63-4475-9402-227CE066047C}.Debug|x64.ActiveCfg = Debug|x64
		{99D5EC6B-2F63-4475-9402-227CE066047C}.Debug|x64.Build.0 = Debug|x64
		{99D5EC6B-2F63-4475-9402-227CE066047C}.Debug|x86.ActiveCfg = Debug|Win32
		{99D5EC6B-2F63-4475-9402-227CE066047C}.Debug|x86.Build.0 = Debug|Win32
		{99D5EC6B-2F63-4475-9402-227CE066047C}.Release|x64.ActiveCfg = Release|x64
		{99D5EC6B-2F63-4475-9402-227CE066047C}.Release|x64.Build.0 = Release|x64
		{99D5EC6B-2F63-4475-9402-227CE066047C}.Release|x86.ActiveCfg = Release|Win32
		{99D5EC6B-2F63-4475-9402-227CE066047C}.Release|x86.Build.0 = Release|Win32
		{EBC2AC6A-0E9D-4C1F-9C28-2D5F4009B73C}.Debug|x64.ActiveCfg = Debug|x64
		{EBC2AC6A-0E9D-4C1F-9C28-2D5F4009B73C}.Debug|x64.Build.0 = Debug|x64
		{EBC2AC6A-0E9D-4C1F-9C28-2D5F4009B73C}.Debug|x86.ActiveCfg = Debug|Win32
		{EBC2AC6A-0E9D-4C1F-9C28-2D5F4009B73C}.Debug|x86.Build.0 = Debug|Win32
		{EBC2AC6A-0E9D-4C1F-9C28-2D5F4009B73C}.Release|x64.ActiveCfg = Release|x64
		{EBC2AC6A-0E9D-4C1F-9C28-2D5F4009B73C}.Release|x64.Build.0 = Release|x64
		{EBC2AC6A-0E9D-4C1F-9C28-2D5F4009B73C}.Release|x86.ActiveCfg = Release|Win32
		{EBC2AC6A-0E9D-4C1F-9C28-2D5F4009B73C}.Release|x86.Build.0 = Release|Win32
		{09985AF7-CAE8-4FA1-8014-EE286154F8C6}.Debug|x64.ActiveCfg = Debug|x64
		{09985AF7-CAE8-4FA1-8014-EE286154F8C6}.Debug|x64.Build.0 = Debug|x64
		{09985AF7-CAE8-4FA1-8014-EE286154F8C6}.Debug|x86.ActiveCfg = Debug|Win32
		{09985AF7-CAE8-4FA1-8014-EE286154F8C6}.Debug|x86.Build.0 = Debug|Win32
		{09985AF7-CAE8-4FA1-8014-EE286154F8C6}.Release|x64.ActiveCfg = Release|x64
		{09985AF7-CAE8-4FA1-8014-EE286154F8C6}.Release|x64.Build.0 = Release|x64
		{09985AF7-CAE8-4FA1-8014-EE286154F8C6}.Release|x86.ActiveCfg = Release|Win32
		{09985AF7-CAE8-4FA1-8014-EE286154F8C6}.Release|x86.Build.0 = Release|Win32
		{7DE9B701-7CE6-4892-8E76-E3E159028C02}.Debug|x64.ActiveCfg = Debug|x64
		{7DE9B701-7CE6-4892-8E76-E3E159028C02}.Debug|x64.Build.0 = Debug|x64
		{7DE9B701-7CE6-4892-8E76-E3E159028C02}.Debug|x86.ActiveCfg = Debug|Win32
		{7DE9B701-7CE6-4892-8E76-E3E159028C02}.Debug|x86.Build.0 = Debug|Win32
		{7DE9B701-7CE6-4892-8E76-E3E159028C02}.Release|x64.ActiveCfg = Release|x64
		{7DE9B701-7CE6-4892-8E76-E3E159028C02}.Release|x64.Build.0 = Release|x64
		{7DE9B701-7CE6-4892-8E76-E3E159028C02}.Release|x86.ActiveCfg = Release|Win32
		{7DE9B701-7CE6-4892-8E76-E3E159028C02}.Release|x86.Build.0 = Release|Win32
		{4B033C71-37A6-40B7-ABCD-86B6D23D7924}.Debug|x64.ActiveCfg = Debug|x64
		{4B033C71-37A6-40B7-ABCD-86B6D23D7924}.Debug|x64.Build.0 = Debug|x64
		{4B033C71-37A6-40B7-ABCD-86B6D23D7924}.Debug|x86.ActiveCfg = Debug|Win32
		{4B033C71-37A6-40B7-ABCD-86B6D23D7924}.Debug|x86.Build.0 = Debug|Win32
		{4B033C71-37A6-40B7-ABCD-86B6D23D7924}.Release|x64.ActiveCfg = Release|x64
		{4B033C71-37A6-40B7-ABCD-86B6D23D7924}.Release|x64.Build.0 = Release|x64
		{4B033C71-37A6-40B7-ABCD-86B6D23D7924}.Release|x86.ActiveCfg = Release|Win32
		{4B033C71-37A6-40B7-ABCD-86B6D23D7924}.Release|x86.Build.0 = Release|Win32
		{88FEA652-D40B-43AD-8A4D-4DC0FFC0E0C3}.Debug|x64.ActiveCfg = Debug|x64
		{88FEA652-D40B-43AD-8A4D-4DC0FFC0E0C3}.Debug|x64.Build.0 = Debug|x64
		{88FEA652-D40B-43AD-8A4D-4DC0FFC0E0C3}.Debug|x86.ActiveCfg = Debug|Win32
		{88FEA652-D40B-43AD-8A4D-4DC0FFC0E0C3}.Debug|x86.Build.0 = Debug|Win32
		{88FEA652-D40B-43AD-8A4D-4DC0FFC0E0C3}.Release|x64.ActiveCfg = Release|x64
		{88FEA652-D40B-43AD-8A4D-4DC0FFC0E0C3}.Release|x64.Build.0 = Release|x64
		{88FEA652-D40B-43AD-8A4D-4DC0FFC0E0C3}.Release|x86.ActiveCfg = Release|Win32
		{88FEA652-D40B-43AD-8A4D-4DC0FFC0E0C3}.Release|x86.Build.0 = Release|Win32
		{454B4D6B-AEE7-4150-A81C-A6779439A3EF}.Debug|x64.ActiveCfg = Debug|x64
		{454B4D6B-AEE7-4150-A81C-A6779439A3EF}.Debug|x64.Build.0 = Debug|x64
		{454B4D6B-AEE7-4150-A81C-A6779439A3EF}.Debug|x86.ActiveCfg = Debug|Win32
		{454B4D6B-AEE7-4150-A81C-A6779439A3EF}.Debug|x86.Build.0 = Debug|Win32
		{454B4D6B-AEE7-4150-A81C-A6779439A3EF}.Release|x64.ActiveCfg = Release|x64
		{454B4D6B-AEE7-4150-A81C-A6779439A3EF}.Release|x64.Build.0 = Release|x64
		{454B4D6B-AEE7-4150-A81C-A6779439A3EF}.Release|x86.ActiveCfg = Release|Win32
		{454B4D6B-AEE7-4150-A81C-A6779439A3EF}.Release|x86.Build.0 = Release|Win32
		{6C7C57B1-50B0-4212-858F-92FCF8D231FC}.Debug|x64.ActiveCfg = Debug|x64
		{6C7C57B1-50B0-4212-858F-92FCF8D231FC}.Debug|x64.Build.0 = Debug|x64
		{6C7C57B1-50B0-4212-858F-92FCF8D231FC}.Debug|x86.ActiveCfg = Debug|Win32
		{6C7C57B1-50B0-4212-858F-92FCF8D231FC}.Debug|x86.Build.0 = Debug|Win32
		{6C7C57B1-50B0-4212-858F-92FCF8D231FC}.Release|x64.ActiveCfg = Release|x64
		{6C7C57B1-50B0-4212-858F-92FCF8D231FC}.Release|x64.Build.0 = Release|x64
		{6C7C57B1-50B0-4212-858F-92FCF8D231FC}.Release|x86.ActiveCfg = Release|Win32
		{6C7C57B1-50B0-4212-858F-92FCF8D231FC}.Release|x86.Build.0 = Release|Win32
		{25DF292D-FF3C-443E-A690-0927A6FD9A38}.Debug|x64.ActiveCfg = Debug|x64
		{25DF292D-FF3C-443E-A690-0927A6FD9A38}.Debug|x64.Build.0 = Debug|x64
		{25DF292D-FF3C-443E-A690-0927A6FD9A38}.Debug|x86.ActiveCfg = Debug|Win32
		{25DF292D-FF3C-443E-A690-0927A6FD9A38}.Debug|x86.Build.0 = Debug|Win32
		{25DF292D-FF3C-443E-A690-0927A6FD9A38}.Release|x64.ActiveCfg = Release|x64
		{25DF292D-FF3C-443E-A690-0927A6FD9A38}.Release|x64.Build.0 = Release|x64
		{25DF292D-FF3C-443E-A690-0927A6FD9A38}.Release|x86.ActiveCfg = Release|Win32
		{25DF292D-FF3C-443E-A690-0927A6FD9A38}.Release|x86.Build.0 = Release|Win32
		{798E06B1-8F12-4A91-AD09-E68210D59B06}.Debug|x64.ActiveCfg = Debug|x64
		{798E06B1-8F12-4A91-AD09-E68210D59B06}.Debug|x64.Build.0 = Debug|x64
		{798E06B1-8F12-4A91-AD09-E68210D59B06}.Debug|x86.ActiveCfg = Debug|Win32
		{798E06B1-8F12-4A91-AD09-E68210D59B06}.Debug|x86.Build.0 = Debug|Win32
		{798E06B1-8F12-4A91-AD09-E68210D59B06}.Release|x64.ActiveCfg = Release|x64
		{798E06B1-8F12-4A91-AD09-E68210D59B06}.Release|x64.Build.0 = Release|x64
		{798E06B1-8F12-4A91-AD09-E68210D59B06}.Release|x86.ActiveCfg = Release|Win32
		{798E06B1-8F12-4A91-AD09-E68210D59B06}.Release|x86.Build.0 = Release|Win32
		{B952CB17-C234-4371-837E-F1BB81A54CD7}.Debug|x64.ActiveCfg = Debug|x64
		{B952CB17-C234-4371-837E-F1BB81A54CD7}.Debug|x64.Build.0 = Debug|x64
		{B952CB17-C234-4371-837E-F1BB81A54CD7}.Debug|x86.ActiveCfg = Debug|Win32
		{B952CB17-C234-4371-837E-F1BB81A54CD7}.Debug|x86.Build.0 = Debug|Win32
		{B952CB17-C234-4371-837E-F1BB81A54CD7}.Release|x64.ActiveCfg = Release|x64
		{B952CB17-C234-4371-837E-F1BB81A54CD7}.Release|x64.Build.0 = Release|x64
		{B952CB17-C234-4371-837E-F1BB81A54CD7}.Release|x86.ActiveCfg = Release|Win32
		{B952CB17-C234-4371-837E-F1BB81A54CD7}.Release|x86.Build.0 = Release|Win32
		{7C6682BC-70D9-426F-BDE1-0440EBD5CC9D}.Debug|x64.ActiveCfg = Debug|x64
		{7C6682BC-70D9-426F-BDE1-0440EBD5CC9D}.Debug|x64.Build.0 = Debug|x64
		{7C6682BC-70D9-426F-BDE1-0440EBD5CC9D}.Debug|x86.ActiveCfg = Debug|Win32
		{7C6682BC-70D9-426F-BDE1-0440EBD5CC9D}.Debug|x86.Build.0 = Debug|Win32
		{7C6682BC-70D9-426F-BDE1-0440EBD5CC9D}.Release|x64.ActiveCfg = Release|x64
		{7C6682BC-70D9-426F-BDE1-0440EBD5CC9D}.Release|x64.Build.0 = Release|x64
		{7C6682BC-70D9-426F-BDE1-0440EBD5CC9D}.Release|x86.ActiveCfg = Release|Win32
		{7C6682BC-70D9-426F-BDE1-0440EBD5CC9D}.Release|x86.Build.0 = Release|Win32
		{05581067-416B-46AB-8BED-51BD27C630F4}.Debug|x64.ActiveCfg = Debug|x64
		{05581067-416B-46AB-8BED-51BD27C630F4}.Debug|x64.Build.0 = Debug|x64
		{05581067-416B-46AB-8BED-51BD27C630F4}.Debug|x86.ActiveCfg = Debug|Win32
		{05581067-416B-46AB-8BED-51BD27C630F4}.Debug|x86.Build.0 = Debug|Win32
		{05581067-416B-46AB-8BED-51BD27C630F4}.Release|x64.ActiveCfg = Release|x64
		{05581067-416B-46AB-8BED-51BD27C630F4}.Release|x64.Build.0 = Release|x64
		{05581067-416B-46AB-8BED-51BD27C630F4}.Release|x86.ActiveCfg = Release|Win32
		{05581067-416B-46AB-8BED-51BD27C630F4}.Release|x86.Build.0 = Release|Win32
		{E1BEADFC-2DD0-4191-A647-9FEB73D80B28}.Debug|x64.ActiveCfg = Debug|x64
		{E1BEADFC-2DD0-4191-A647-9FEB73D80B28}.Debug|x64.Build.0 = Debug|x64
		{E1BEADFC-2DD0-4191-A647-9FEB73D80B28}.Debug|x86.ActiveCfg = Debug|Win32
		{E1BEADFC-2DD0-4191-A647-9FEB73D80B28}.Debug|x86.Build.0 = Debug|Win32
		{E1BEADFC-2DD0-4191-A647-9FEB73D80B28}.Release|x64.ActiveCfg = Release|x64
		{E1BEADFC-2DD0-4191-A647-9FEB73D80B28}.Release|x64.Build.0 = Release|x64
		{E1BEADFC-2DD0-4191-A647-9FEB73D80B28}.Release|x86.ActiveCfg = Release|Win32
		{E1BEADFC-2DD0-4191-A647-9FEB73D80B28}.Release|x86.Build.0 = Release|Win32
		{FF7FF711-28FC-4041-9583-55C39E59DE40}.Debug|x64.ActiveCfg = Debug|x64
		{FF7FF711-28FC-4041-9583-55C39E59DE40}.Debug|x64.Build.0 = Debug|x64
		{FF7FF711-28FC-4041-9583-55C39E59DE40}.Debug|x86.ActiveCfg = Debug|Win32
		{FF7FF711-28FC-4041-9583-55C39E59DE40}.Debug|x86.Build.0 = Debug|Win32
		{FF7FF711-28FC-4041-9583-55C39E59DE40}.Release|x64.ActiveCfg = Release|x64
		{FF7FF711-28FC-4041-9583-55C39E59DE40}.Release|x64.Build.0 = Release|x64
		{FF7FF711-28FC-4041-9583-55C39E59DE40}.Release|x86.ActiveCfg = Release|Win32
		{FF7FF711-28FC-4041-9583-55C39E59DE40}.Release|x86.Build.0 = Release|Win32
		{356BB22A-E1DD-4E6E-814C-CAB047106DE1}.Debug|x64.ActiveCfg = Debug|x64
		{356BB22A-E1DD-4E6E-814C-CAB047106DE1}.Debug|x64.Build.0 = Debug|x64
		{356BB22A-E1DD-4E6E-814C-CAB047106DE1}.Debug|x86.ActiveCfg = Debug|Win32
		{356BB22A-E1DD-4E6E-814C-CAB047106DE1}.Debug|x86.Build.0 = Debug|Win32
		{356BB22A-E1DD-4E6E-814C-CAB047106DE1}.Release|x64.ActiveCfg = Release|x64
		{356BB22A-E1DD-4E6E-814C-CAB047106DE1}.Release|x64.Build.0 = Release|x64
		{356BB22A-E1DD-4E6E-814C-CAB047106DE1}.Release|x86.ActiveCfg = Release|Win32
		{356BB22A-E1DD-4E6E-814C-CAB047106DE1}.Release|x86.Build.0 = Release|Win32
		{E44E7D0D-8576-4FBB-AFCD-09165FC80043}.Debug|x64.ActiveCfg = Debug|x64
		{E44E7D0D-8576-4FBB-AFCD-09165FC80043}.Debug|x64.Build.0 = Debug|x64
		{E44E7D0D-8576-4FBB-AFCD-09165FC80043}.Debug|x86.ActiveCfg = Debug|Win32
		{E44E7D0D-8576-4FBB-AFCD-09165FC80043}.Debug|x86.Build.0 = Debug|Win32
		{E44E7D0D-8576-4FBB-AFCD-09165FC80043}.Release|x64.ActiveCfg = Release|x64
		{E44E7D0D-8576-4FBB-AFCD-09165FC80043}.Release|x64.Build.0 = Release|x64
		{E44E7D0D-8576-4FBB-AFCD-09165FC80043}.Release|x86.ActiveCfg = Release|Win32
		{E44E7D0D-8576-4FBB-AFCD-09165FC80043}.Release|x86.Build.0 = Release|Win32
	EndGlobalSection
	GlobalSection(SolutionProperties) = preSolution
		HideSolutionNode = FALSE
	EndGlobalSection
	GlobalSection(NestedProjects) = preSolution
		{51FC92EC-A7C9-41B9-A3C9-9C9E69CA9600} = {8D7481C9-5338-49B5-9181-C1074C7F6B1C}
		{A1215901-B0F9-4480-B8CA-005E73A9CD59} = {8D7481C9-5338-49B5-9181-C1074C7F6B1C}
		{0449F302-0736-4011-B82F-07CF665CF1FB} = {8D7481C9-5338-49B5-9181-C1074C7F6B1C}
		{D43A29FF-8745-424B-AED0-A8030BADE95C} = {8D7481C9-5338-49B5-9181-C1074C7F6B1C}
		{A2BCB9CB-4992-4D41-8263-DB4521B1899D} = {8D7481C9-5338-49B5-9181-C1074C7F6B1C}
		{CBBDB867-F21B-4DB1-93A8-FECB21D48ACD} = {8D7481C9-5338-49B5-9181-C1074C7F6B1C}
		{C0D225D4-00F0-4C84-A4B6-135A4A70033D} = {8D7481C9-5338-49B5-9181-C1074C7F6B1C}
		{A4F52147-8E61-4B8B-A239-25A5AD757F1E} = {8D7481C9-5338-49B5-9181-C1074C7F6B1C}
		{4EB1BF8C-EB9D-471C-AA98-4871B744DE91} = {8D7481C9-5338-49B5-9181-C1074C7F6B1C}
		{99D5EC6B-2F63-4475-9402-227CE066047C} = {8D7481C9-5338-49B5-9181-C1074C7F6B1C}
		{EBC2AC6A-0E9D-4C1F-9C28-2D5F4009B73C} = {8D7481C9-5338-49B5-9181-C1074C7F6B1C}
		{09985AF7-CAE8-4FA1-8014-EE286154F8C6} = {8D7481C9-5338-49B5-9181-C1074C7F6B1C}
		{4B033C71-37A6-40B7-ABCD-86B6D23D7924} = {8D7481C9-5338-49B5-9181-C1074C7F6B1C}
		{88FEA652-D40B-43AD-8A4D-4DC0FFC0E0C3} = {8D7481C9-5338-49B5-9181-C1074C7F6B1C}
		{454B4D6B-AEE7-4150-A81C-A6779439A3EF} = {8D7481C9-5338-49B5-9181-C1074C7F6B1C}
		{6C7C57B1-50B0-4212-858F-92FCF8D231FC} = {8D7481C9-5338-49B5-9181-C1074C7F6B1C}
		{25DF292D-FF3C-443E-A690-0927A6FD9A38} = {8D7481C9-5338-49B5-9181-C1074C7F6B1C}
		{798E06B1-8F12-4A91-AD09-E68210D59B06} = {27CA406A-D704-457F-9946-71192B3D289A}
		{B952CB17-C234-4371-837E-F1BB81A54CD7} = {27CA406A-D704-457F-9946-71192B3D289A}
		{7C6682BC-70D9-426F-BDE1-0440EBD5CC9D} = {27CA406A-D704-457F-9946-71192B3D289A}
		{05581067-416B-46AB-8BED-51BD27C630F4} = {43E1604D-F64E-4868-A2D8-93A1D3D2ACFD}
		{E1BEADFC-2DD0-4191-A647-9FEB73D80B28} = {43E1604D-F64E-4868-A2D8-93A1D3D2ACFD}
		{FF7FF711-28FC-4041-9583-55C39E59DE40} = {43E1604D-F64E-4868-A2D8-93A1D3D2ACFD}
		{356BB22A-E1DD-4E6E-814C-CAB047106DE1} = {D98F7661-AC46-40A2-AE15-82ED86F0CAC9}
		{E44E7D0D-8576-4FBB-AFCD-09165FC80043} = {D98F7661-AC46-40A2-AE15-82ED86F0CAC9}
	EndGlobalSection
	GlobalSection(ExtensibilityGlobals) = postSolution
		SolutionGuid = {993C1756-7D36-45D1-8EB1-11F6C2FB0CB1}
	EndGlobalSection
EndGlobal
