<?xml version="1.0" encoding="utf-8"?>
<Project ToolsVersion="4.0" xmlns="http://schemas.microsoft.com/developer/msbuild/2003">
  <ItemGroup>
    <ClCompile Include="src\namenum.cpp" />
  </ItemGroup>
  <ItemGroup>
    <None Include="namenum.in" />
    <None Include="namenum.out" />
  </ItemGroup>
  <ItemGroup>
    <Text Include="dict.txt" />
  </ItemGroup>
</Project>