<?xml version="1.0" encoding="utf-8"?>
<Project ToolsVersion="4.0" xmlns="http://schemas.microsoft.com/developer/msbuild/2003">
  <ItemGroup>
    <ClCompile Include="src\transform.cpp" />
  </ItemGroup>
  <ItemGroup>
    <None Include="transform.in" />
    <None Include="transform.out" />
  </ItemGroup>
</Project>